
Microsoft Visual Studio Solution File, Format Version 12.00
# Visual Studio Version 17
VisualStudioVersion = 17.6.33815.320
MinimumVisualStudioVersion = 10.0.40219.1
Project("{FAE04EC0-301F-11D3-BF4B-00C04F79EFBC}") = "WpfApp3", "WpfApp3.csproj", "{DEEFCDB9-D4E2-4087-A9E6-35B8A2A8E686}"
EndProject
Global
	GlobalSection(SolutionConfigurationPlatforms) = preSolution
		Debug|Any CPU = Debug|Any CPU
		Release|Any CPU = Release|Any CPU
	EndGlobalSection
	GlobalSection(ProjectConfigurationPlatforms) = postSolution
		{DEEFCDB9-D4E2-4087-A9E6-35B8A2A8E686}.Debug|Any CPU.ActiveCfg = Debug|Any CPU
		{DEEFCDB9-D4E2-4087-A9E6-35B8A2A8E686}.Debug|Any CPU.Build.0 = Debug|Any CPU
		{DEEFCDB9-D4E2-4087-A9E6-35B8A2A8E686}.Release|Any CPU.ActiveCfg = Release|Any CPU
		{DEEFCDB9-D4E2-4087-A9E6-35B8A2A8E686}.Release|Any CPU.Build.0 = Release|Any CPU
	EndGlobalSection
	GlobalSection(SolutionProperties) = preSolution
		HideSolutionNode = FALSE
	EndGlobalSection
	GlobalSection(ExtensibilityGlobals) = postSolution
		SolutionGuid = {C9027F04-9E4C-4BA4-B09B-D1DB8E0DAEDD}
	EndGlobalSection
EndGlobal
